{
  "name": "forest-sort",
  "version": "0.1.0",
  "lockfileVersion": 1,
  "requires": true,
  "dependencies": {
    "median-quickselect": {
      "version": "1.0.1",
      "resolved": "https://registry.npmjs.org/median-quickselect/-/median-quickselect-1.0.1.tgz",
      "integrity": "sha1-3jQIA1pbLwQ4o5uZiT+vPn1hd/g="
    },
    "ml-array-max": {
      "version": "1.0.2",
      "resolved": "https://registry.npmjs.org/ml-array-max/-/ml-array-max-1.0.2.tgz",
      "integrity": "sha512-z8vWWTCJa5vLsbh3pZf7QRsAQy5sluD6Q1Sj4saJx9IGwgsNq7xuIt8aZYO2WQPjrhqOXsptYc7pz+41tr/YnA=="
    },
    "ml-array-mean": {
      "version": "1.0.2",
      "resolved": "https://registry.npmjs.org/ml-array-mean/-/ml-array-mean-1.0.2.tgz",
      "integrity": "sha512-QyVOrdUn/XNHb+/mQFFLrXBG/DDbGgAGqN20SfDCxmSNSAeZsT6z5s8kBQoXGNxG7kENQlwDdjuYPXz7HFPsWQ=="
    },
    "ml-array-median": {
      "version": "1.0.2",
      "resolved": "https://registry.npmjs.org/ml-array-median/-/ml-array-median-1.0.2.tgz",
      "integrity": "sha512-3oZJbQYf3hNbwTV3pvw5L+59DOxOE7LFafEihZ83gsWlwzIW3ruepBIxcnY/xwtoLeFIqzmKNDjaEhvc5MW31A==",
      "requires": {
        "median-quickselect": "1.0.1"
      }
    },
    "ml-array-min": {
      "version": "1.0.2",
      "resolved": "https://registry.npmjs.org/ml-array-min/-/ml-array-min-1.0.2.tgz",
      "integrity": "sha512-da6qyF3arRqMgLSg9O8bKR3W8ajjzFumRejEomtMvBpWq9VM7UbnRQKKfyfGeCs1G4dY3GfszOuM057NloAt0Q=="
    },
    "ml-array-rescale": {
      "version": "1.1.1",
      "resolved": "https://registry.npmjs.org/ml-array-rescale/-/ml-array-rescale-1.1.1.tgz",
      "integrity": "sha512-sbzwpz2neVg1/wC0HUlqEufQwhL+5T+XZEasMiQ+9w5w/elxVMer+DWXzWa/DDzGSVF/PtDlTFOgdG2uW5fgSw==",
      "requires": {
        "ml-array-max": "1.0.2",
        "ml-array-min": "1.0.2"
      }
    },
    "ml-cart": {
      "version": "1.0.8",
      "resolved": "https://registry.npmjs.org/ml-cart/-/ml-cart-1.0.8.tgz",
      "integrity": "sha512-19ZoyUwza/Cy9kBZwERZF2Rgl8qzVRIUfyZ/zy3Q5RKVTLPD3pAJwxJljl59LpitVAbjKDwpFDfeQn7Oafv7nw==",
      "requires": {
        "ml-array-mean": "1.0.2",
        "ml-matrix": "5.2.0"
      }
    },
    "ml-dataset-iris": {
      "version": "1.0.0",
      "resolved": "https://registry.npmjs.org/ml-dataset-iris/-/ml-dataset-iris-1.0.0.tgz",
      "integrity": "sha1-Qg8yy1uHTwo7AI/JmcswxtzX4So=",
      "dev": true
    },
    "ml-fnn": {
      "version": "4.0.0",
      "resolved": "https://registry.npmjs.org/ml-fnn/-/ml-fnn-4.0.0.tgz",
      "integrity": "sha512-3miGhEvaBI4wzXlxMn1pStuLJb+SKKgpy5DAtYGTglpOGDTlVLP/Xtu46NQPSDiOYPhhRQjOEOjjCB/tJaUvNw==",
      "requires": {
        "ml-matrix": "5.2.0"
      }
    },
    "ml-matrix": {
      "version": "5.2.0",
      "resolved": "https://registry.npmjs.org/ml-matrix/-/ml-matrix-5.2.0.tgz",
      "integrity": "sha512-YoldgXeLw77cFAO9wCFMkOM9HAmgm1SHPaXVanevb0p1jn/G88ixv7v40/1hL+K0P2DJlMsNy4kNL0c0jtAfjw==",
      "requires": {
        "ml-array-max": "1.0.2",
        "ml-array-rescale": "1.1.1"
      }
    },
    "ml-random-forest": {
      "version": "1.0.3",
      "resolved": "https://registry.npmjs.org/ml-random-forest/-/ml-random-forest-1.0.3.tgz",
      "integrity": "sha512-sGy9US+wMDnQUK2VrdCUTkjfNNl1HR5ddGpaUugontwAX9b2Ird/Xx4gV5rLATKYqg2OAE00juWy/4b4HMV7/w==",
      "requires": {
        "ml-array-mean": "1.0.2",
        "ml-array-median": "1.0.2",
        "ml-cart": "1.0.8",
        "ml-matrix": "5.2.0",
        "random-js": "1.0.8"
      }
    },
    "random-js": {
      "version": "1.0.8",
      "resolved": "https://registry.npmjs.org/random-js/-/random-js-1.0.8.tgz",
      "integrity": "sha1-lo/WiabyXWwKrHZig94vaIycGQo="
    }
  }
}
